%{
  "eovsdb": {:git, "https://github.com/shun159/eovsdb.git", "1ff1572708d72fd25631c681f2102407903252a3", [branch: "master"]},
  "jsone": {:git, "https://github.com/sile/jsone.git", "b23d312a5ed051ea7ad0989a9f2cb1a9c3f9a502", [tag: "1.4.6"]},
  "pkt": {:git, "https://github.com/msantos/pkt.git", "ff0e9a7d28cdae941bce935602cd252cad1ea296", []},
  "ranch": {:hex, :ranch, "1.6.2", "6db93c78f411ee033dbb18ba8234c5574883acb9a75af0fb90a9b82ea46afa00", [:rebar3], [], "hexpm"},
  "uuid": {:git, "https://github.com/avtobiff/erlang-uuid.git", "585c2474afb4a597ae8c8bf6d21e5a9c73f18e0b", [tag: "v0.5.0"]},
}
